
Microsoft Visual Studio Solution File, Format Version 12.00
# Visual Studio Version 17
VisualStudioVersion = 17.0.31903.59
MinimumVisualStudioVersion = 10.0.40219.1
Project("{2150E333-8FDC-42A3-9474-1A3956D46DE8}") = "src", "src", "{827E0CD3-B72D-47B6-A68D-7590B98EB39B}"
EndProject
Project("{FAE04EC0-301F-11D3-BF4B-00C04F79EFBC}") = "ShareGateDemo.Shared", "src\ShareGateDemo.Shared\ShareGateDemo.Shared.csproj", "{F66F5A33-EADA-4B96-A26F-26523D1B2D74}"
EndProject
Project("{FAE04EC0-301F-11D3-BF4B-00C04F79EFBC}") = "ShareGateDemo.Api", "src\ShareGateDemo.Api\ShareGateDemo.Api.csproj", "{C6FE71AC-DEFC-4B92-92B3-B8068D90B1B5}"
EndProject
Project("{FAE04EC0-301F-11D3-BF4B-00C04F79EFBC}") = "ShareGateDemo.Desktop", "src\ShareGateDemo.Desktop\ShareGateDemo.Desktop.csproj", "{4D78365A-9EAE-4C11-AE4D-71FD7AE3BC3A}"
EndProject
Global
	GlobalSection(SolutionConfigurationPlatforms) = preSolution
		Debug|Any CPU = Debug|Any CPU
		Debug|x64 = Debug|x64
		Debug|x86 = Debug|x86
		Release|Any CPU = Release|Any CPU
		Release|x64 = Release|x64
		Release|x86 = Release|x86
	EndGlobalSection
	GlobalSection(ProjectConfigurationPlatforms) = postSolution
		{F66F5A33-EADA-4B96-A26F-26523D1B2D74}.Debug|Any CPU.ActiveCfg = Debug|Any CPU
		{F66F5A33-EADA-4B96-A26F-26523D1B2D74}.Debug|Any CPU.Build.0 = Debug|Any CPU
		{F66F5A33-EADA-4B96-A26F-26523D1B2D74}.Debug|x64.ActiveCfg = Debug|Any CPU
		{F66F5A33-EADA-4B96-A26F-26523D1B2D74}.Debug|x64.Build.0 = Debug|Any CPU
		{F66F5A33-EADA-4B96-A26F-26523D1B2D74}.Debug|x86.ActiveCfg = Debug|Any CPU
		{F66F5A33-EADA-4B96-A26F-26523D1B2D74}.Debug|x86.Build.0 = Debug|Any CPU
		{F66F5A33-EADA-4B96-A26F-26523D1B2D74}.Release|Any CPU.ActiveCfg = Release|Any CPU
		{F66F5A33-EADA-4B96-A26F-26523D1B2D74}.Release|Any CPU.Build.0 = Release|Any CPU
		{F66F5A33-EADA-4B96-A26F-26523D1B2D74}.Release|x64.ActiveCfg = Release|Any CPU
		{F66F5A33-EADA-4B96-A26F-26523D1B2D74}.Release|x64.Build.0 = Release|Any CPU
		{F66F5A33-EADA-4B96-A26F-26523D1B2D74}.Release|x86.ActiveCfg = Release|Any CPU
		{F66F5A33-EADA-4B96-A26F-26523D1B2D74}.Release|x86.Build.0 = Release|Any CPU
		{C6FE71AC-DEFC-4B92-92B3-B8068D90B1B5}.Debug|Any CPU.ActiveCfg = Debug|Any CPU
		{C6FE71AC-DEFC-4B92-92B3-B8068D90B1B5}.Debug|Any CPU.Build.0 = Debug|Any CPU
		{C6FE71AC-DEFC-4B92-92B3-B8068D90B1B5}.Debug|x64.ActiveCfg = Debug|Any CPU
		{C6FE71AC-DEFC-4B92-92B3-B8068D90B1B5}.Debug|x64.Build.0 = Debug|Any CPU
		{C6FE71AC-DEFC-4B92-92B3-B8068D90B1B5}.Debug|x86.ActiveCfg = Debug|Any CPU
		{C6FE71AC-DEFC-4B92-92B3-B8068D90B1B5}.Debug|x86.Build.0 = Debug|Any CPU
		{C6FE71AC-DEFC-4B92-92B3-B8068D90B1B5}.Release|Any CPU.ActiveCfg = Release|Any CPU
		{C6FE71AC-DEFC-4B92-92B3-B8068D90B1B5}.Release|Any CPU.Build.0 = Release|Any CPU
		{C6FE71AC-DEFC-4B92-92B3-B8068D90B1B5}.Release|x64.ActiveCfg = Release|Any CPU
		{C6FE71AC-DEFC-4B92-92B3-B8068D90B1B5}.Release|x64.Build.0 = Release|Any CPU
		{C6FE71AC-DEFC-4B92-92B3-B8068D90B1B5}.Release|x86.ActiveCfg = Release|Any CPU
		{C6FE71AC-DEFC-4B92-92B3-B8068D90B1B5}.Release|x86.Build.0 = Release|Any CPU
		{4D78365A-9EAE-4C11-AE4D-71FD7AE3BC3A}.Debug|Any CPU.ActiveCfg = Debug|Any CPU
		{4D78365A-9EAE-4C11-AE4D-71FD7AE3BC3A}.Debug|Any CPU.Build.0 = Debug|Any CPU
		{4D78365A-9EAE-4C11-AE4D-71FD7AE3BC3A}.Debug|x64.ActiveCfg = Debug|Any CPU
		{4D78365A-9EAE-4C11-AE4D-71FD7AE3BC3A}.Debug|x64.Build.0 = Debug|Any CPU
		{4D78365A-9EAE-4C11-AE4D-71FD7AE3BC3A}.Debug|x86.ActiveCfg = Debug|Any CPU
		{4D78365A-9EAE-4C11-AE4D-71FD7AE3BC3A}.Debug|x86.Build.0 = Debug|Any CPU
		{4D78365A-9EAE-4C11-AE4D-71FD7AE3BC3A}.Release|Any CPU.ActiveCfg = Release|Any CPU
		{4D78365A-9EAE-4C11-AE4D-71FD7AE3BC3A}.Release|Any CPU.Build.0 = Release|Any CPU
		{4D78365A-9EAE-4C11-AE4D-71FD7AE3BC3A}.Release|x64.ActiveCfg = Release|Any CPU
		{4D78365A-9EAE-4C11-AE4D-71FD7AE3BC3A}.Release|x64.Build.0 = Release|Any CPU
		{4D78365A-9EAE-4C11-AE4D-71FD7AE3BC3A}.Release|x86.ActiveCfg = Release|Any CPU
		{4D78365A-9EAE-4C11-AE4D-71FD7AE3BC3A}.Release|x86.Build.0 = Release|Any CPU
	EndGlobalSection
	GlobalSection(SolutionProperties) = preSolution
		HideSolutionNode = FALSE
	EndGlobalSection
	GlobalSection(NestedProjects) = preSolution
		{F66F5A33-EADA-4B96-A26F-26523D1B2D74} = {827E0CD3-B72D-47B6-A68D-7590B98EB39B}
		{C6FE71AC-DEFC-4B92-92B3-B8068D90B1B5} = {827E0CD3-B72D-47B6-A68D-7590B98EB39B}
		{4D78365A-9EAE-4C11-AE4D-71FD7AE3BC3A} = {827E0CD3-B72D-47B6-A68D-7590B98EB39B}
	EndGlobalSection
EndGlobal
